
Microsoft Visual Studio Solution File, Format Version 12.00
# Visual Studio Version 17
VisualStudioVersion = 17.3.32922.545
MinimumVisualStudioVersion = 10.0.40219.1
Project("{9A19103F-16F7-4668-BE54-9A1E7A4F7556}") = "Autoryzacja", "Autoryzacja\Autoryzacja.csproj", "{7649CFD9-F313-4ED5-9500-11996C3E87FC}"
EndProject
Global
	GlobalSection(SolutionConfigurationPlatforms) = preSolution
		Debug|Any CPU = Debug|Any CPU
		Release|Any CPU = Release|Any CPU
	EndGlobalSection
	GlobalSection(ProjectConfigurationPlatforms) = postSolution
		{7649CFD9-F313-4ED5-9500-11996C3E87FC}.Debug|Any CPU.ActiveCfg = Debug|Any CPU
		{7649CFD9-F313-4ED5-9500-11996C3E87FC}.Debug|Any CPU.Build.0 = Debug|Any CPU
		{7649CFD9-F313-4ED5-9500-11996C3E87FC}.Release|Any CPU.ActiveCfg = Release|Any CPU
		{7649CFD9-F313-4ED5-9500-11996C3E87FC}.Release|Any CPU.Build.0 = Release|Any CPU
	EndGlobalSection
	GlobalSection(SolutionProperties) = preSolution
		HideSolutionNode = FALSE
	EndGlobalSection
	GlobalSection(ExtensibilityGlobals) = postSolution
		SolutionGuid = {15973F16-697B-48A2-94E9-7E51F8128DE7}
	EndGlobalSection
EndGlobal
